github.com/blackwell-systems/gcf-go v0.0.0-20260603213111-0df52e1f27c1 h1:DHzVACFbdkv7TpKZ8XmvfrO5viWTrIMy3hJlMAjJB/Y=
github.com/blackwell-systems/gcf-go v0.0.0-20260603213111-0df52e1f27c1/go.mod h1:ST507JbYTlVUXZMEmlOJgI5+6svK1UImNVqNCf1X/Sk=
github.com/toon-format/toon-go v0.0.0-20251202084852-7ca0e27c4e8c h1:D8lDFovBMZywze1eh9iwMLcYor5f11mHBocLhO7cBe8=
github.com/toon-format/toon-go v0.0.0-20251202084852-7ca0e27c4e8c/go.mod h1:j/BOnpF2ihnz4lELs99h9mwGJBx/zdleOUCnLLRPCsc=
